
Microsoft Visual Studio Solution File, Format Version 12.00
# Visual Studio 15
VisualStudioVersion = 15.0.28307.168
MinimumVisualStudioVersion = 10.0.40219.1
Project("{9A19103F-16F7-4668-BE54-9A1E7A4F7556}") = "Estudos.GraphQLApi", "Estudos.GraphQLApi\Estudos.GraphQLApi.csproj", "{D24E913A-325F-47C8-8DFC-DD8FC5C4A64C}"
EndProject
Project("{9A19103F-16F7-4668-BE54-9A1E7A4F7556}") = "Estudos.Dominio", "Estudos.Dominio\Estudos.Dominio.csproj", "{CAAF043E-43B3-4E85-A95D-1B5A1901C292}"
EndProject
Project("{9A19103F-16F7-4668-BE54-9A1E7A4F7556}") = "Estudos.Abstract.Dominio", "Estudos.Abstract.Dominio\Estudos.Abstract.Dominio.csproj", "{FF59F36F-08EC-47C8-A5EA-631D32D5545E}"
EndProject
Project("{9A19103F-16F7-4668-BE54-9A1E7A4F7556}") = "Estudos.IoC", "Estudos.IoC\Estudos.IoC.csproj", "{BC91DC2B-62C0-4262-950F-476216CC7750}"
EndProject
Project("{9A19103F-16F7-4668-BE54-9A1E7A4F7556}") = "Estudos.VConsole", "Estudos.VConsole\Estudos.VConsole.csproj", "{D2D275AE-F1A8-40BA-807B-64C763898E50}"
EndProject
Project("{FAE04EC0-301F-11D3-BF4B-00C04F79EFBC}") = "Estudos.Global", "Estudos.Global\Estudos.Global.csproj", "{C6CBDE2E-812A-4041-8EB8-E9C3DC023A6C}"
EndProject
Global
	GlobalSection(SolutionConfigurationPlatforms) = preSolution
		Debug|Any CPU = Debug|Any CPU
		Release|Any CPU = Release|Any CPU
	EndGlobalSection
	GlobalSection(ProjectConfigurationPlatforms) = postSolution
		{D24E913A-325F-47C8-8DFC-DD8FC5C4A64C}.Debug|Any CPU.ActiveCfg = Debug|Any CPU
		{D24E913A-325F-47C8-8DFC-DD8FC5C4A64C}.Debug|Any CPU.Build.0 = Debug|Any CPU
		{D24E913A-325F-47C8-8DFC-DD8FC5C4A64C}.Release|Any CPU.ActiveCfg = Release|Any CPU
		{D24E913A-325F-47C8-8DFC-DD8FC5C4A64C}.Release|Any CPU.Build.0 = Release|Any CPU
		{CAAF043E-43B3-4E85-A95D-1B5A1901C292}.Debug|Any CPU.ActiveCfg = Debug|Any CPU
		{CAAF043E-43B3-4E85-A95D-1B5A1901C292}.Debug|Any CPU.Build.0 = Debug|Any CPU
		{CAAF043E-43B3-4E85-A95D-1B5A1901C292}.Release|Any CPU.ActiveCfg = Release|Any CPU
		{CAAF043E-43B3-4E85-A95D-1B5A1901C292}.Release|Any CPU.Build.0 = Release|Any CPU
		{FF59F36F-08EC-47C8-A5EA-631D32D5545E}.Debug|Any CPU.ActiveCfg = Debug|Any CPU
		{FF59F36F-08EC-47C8-A5EA-631D32D5545E}.Debug|Any CPU.Build.0 = Debug|Any CPU
		{FF59F36F-08EC-47C8-A5EA-631D32D5545E}.Release|Any CPU.ActiveCfg = Release|Any CPU
		{FF59F36F-08EC-47C8-A5EA-631D32D5545E}.Release|Any CPU.Build.0 = Release|Any CPU
		{BC91DC2B-62C0-4262-950F-476216CC7750}.Debug|Any CPU.ActiveCfg = Debug|Any CPU
		{BC91DC2B-62C0-4262-950F-476216CC7750}.Debug|Any CPU.Build.0 = Debug|Any CPU
		{BC91DC2B-62C0-4262-950F-476216CC7750}.Release|Any CPU.ActiveCfg = Release|Any CPU
		{BC91DC2B-62C0-4262-950F-476216CC7750}.Release|Any CPU.Build.0 = Release|Any CPU
		{D2D275AE-F1A8-40BA-807B-64C763898E50}.Debug|Any CPU.ActiveCfg = Debug|Any CPU
		{D2D275AE-F1A8-40BA-807B-64C763898E50}.Debug|Any CPU.Build.0 = Debug|Any CPU
		{D2D275AE-F1A8-40BA-807B-64C763898E50}.Release|Any CPU.ActiveCfg = Release|Any CPU
		{D2D275AE-F1A8-40BA-807B-64C763898E50}.Release|Any CPU.Build.0 = Release|Any CPU
		{C6CBDE2E-812A-4041-8EB8-E9C3DC023A6C}.Debug|Any CPU.ActiveCfg = Debug|Any CPU
		{C6CBDE2E-812A-4041-8EB8-E9C3DC023A6C}.Debug|Any CPU.Build.0 = Debug|Any CPU
		{C6CBDE2E-812A-4041-8EB8-E9C3DC023A6C}.Release|Any CPU.ActiveCfg = Release|Any CPU
		{C6CBDE2E-812A-4041-8EB8-E9C3DC023A6C}.Release|Any CPU.Build.0 = Release|Any CPU
	EndGlobalSection
	GlobalSection(SolutionProperties) = preSolution
		HideSolutionNode = FALSE
	EndGlobalSection
	GlobalSection(ExtensibilityGlobals) = postSolution
		SolutionGuid = {C17E424A-53EB-4327-89AB-D8A758AE8E67}
	EndGlobalSection
EndGlobal
