
Microsoft Visual Studio Solution File, Format Version 12.00
# Visual Studio 15
VisualStudioVersion = 15.0.28307.168
MinimumVisualStudioVersion = 10.0.40219.1
Project("{9A19103F-16F7-4668-BE54-9A1E7A4F7556}") = "Estudos.Dominio", "Estudos.Dominio\Estudos.Dominio.csproj", "{CAAF043E-43B3-4E85-A95D-1B5A1901C292}"
EndProject
Project("{9A19103F-16F7-4668-BE54-9A1E7A4F7556}") = "Estudos.IoC", "Estudos.IoC\Estudos.IoC.csproj", "{BC91DC2B-62C0-4262-950F-476216CC7750}"
EndProject
Project("{9A19103F-16F7-4668-BE54-9A1E7A4F7556}") = "Estudos.VConsole", "Estudos.VConsole\Estudos.VConsole.csproj", "{D2D275AE-F1A8-40BA-807B-64C763898E50}"
EndProject
Project("{9A19103F-16F7-4668-BE54-9A1E7A4F7556}") = "Estudos.Global", "Estudos.Global\Estudos.Global.csproj", "{C6CBDE2E-812A-4041-8EB8-E9C3DC023A6C}"
EndProject
Project("{2150E333-8FDC-42A3-9474-1A3956D46DE8}") = "01 - Global", "01 - Global", "{2E9350D7-8523-4FA8-A036-36D4E51A95D1}"
EndProject
Project("{2150E333-8FDC-42A3-9474-1A3956D46DE8}") = "04 - Dominio", "04 - Dominio", "{4ACF3C6F-BF8A-436D-AA23-328314476F87}"
EndProject
Project("{2150E333-8FDC-42A3-9474-1A3956D46DE8}") = "03 - IoC", "03 - IoC", "{1C343BDE-70D5-4DB7-9CB4-57024771E1B0}"
EndProject
Project("{2150E333-8FDC-42A3-9474-1A3956D46DE8}") = "07 - Api", "07 - Api", "{72B1D6F9-96D4-4604-8A16-9C7ABDD8A0C7}"
EndProject
Project("{2150E333-8FDC-42A3-9474-1A3956D46DE8}") = "08 - View", "08 - View", "{CB9756C4-79F4-41DB-ADE8-52280CD1837F}"
EndProject
Project("{2150E333-8FDC-42A3-9474-1A3956D46DE8}") = "05 - Repositorio", "05 - Repositorio", "{8D102670-175A-4946-AA89-B59EACFF95A8}"
EndProject
Project("{9A19103F-16F7-4668-BE54-9A1E7A4F7556}") = "Estudos.Abstract.Repositorio", "Estudos.Abstract.Repositorio\Estudos.Abstract.Repositorio.csproj", "{1D98CCD2-5FB3-48F4-97B8-DF56F2963839}"
EndProject
Project("{9A19103F-16F7-4668-BE54-9A1E7A4F7556}") = "Estudos.Repositorio.EntityFrameworkCore", "Estudos.Repositorio.EntityFramework\Estudos.Repositorio.EntityFrameworkCore.csproj", "{8A3AF135-B00F-420A-AA83-F3F318460F1E}"
EndProject
Project("{9A19103F-16F7-4668-BE54-9A1E7A4F7556}") = "Estudos.Repositorio.Dapper", "Estudos.Repositorio.Dapper\Estudos.Repositorio.Dapper.csproj", "{8E9C0C16-0355-4454-8FA6-E644DFAC4B42}"
EndProject
Project("{2150E333-8FDC-42A3-9474-1A3956D46DE8}") = "06 - Servico", "06 - Servico", "{09C23E9E-5817-4798-AF81-327683C2350B}"
EndProject
Project("{9A19103F-16F7-4668-BE54-9A1E7A4F7556}") = "Estudos.Abstract.Servico", "Estudos.Abstract.Servico\Estudos.Abstract.Servico.csproj", "{84B387C6-D904-452C-9EC8-BCF1445A0437}"
EndProject
Project("{9A19103F-16F7-4668-BE54-9A1E7A4F7556}") = "Estudos.Servico", "Estudos.Servico\Estudos.Servico.csproj", "{8162ED8D-0AD7-4006-9391-9159448C4B5E}"
EndProject
Project("{9A19103F-16F7-4668-BE54-9A1E7A4F7556}") = "Estudos.Api", "Estudos.Api\Estudos.Api.csproj", "{B3F90C9E-5FC1-43F4-8DEE-DAFA16887675}"
EndProject
Project("{9A19103F-16F7-4668-BE54-9A1E7A4F7556}") = "Estudos.Api.GraphQL", "Estudos.Api.GraphQL\Estudos.Api.GraphQL.csproj", "{964A3946-A48E-43E3-BE57-F5C29020B233}"
EndProject
Project("{2150E333-8FDC-42A3-9474-1A3956D46DE8}") = "02 - Mapper", "02 - Mapper", "{FD1F824E-D310-4FC9-B275-FC7B22D3C29B}"
EndProject
Project("{9A19103F-16F7-4668-BE54-9A1E7A4F7556}") = "Estudos.AutoMapper", "Estudos.AutoMapper\Estudos.AutoMapper.csproj", "{6B281E62-94AD-4755-AB26-A77453FD2D0C}"
EndProject
Project("{2150E333-8FDC-42A3-9474-1A3956D46DE8}") = "WhereDynamic", "WhereDynamic", "{C43BAE7C-E4B5-4597-B0D3-71B991C52331}"
EndProject
Project("{2150E333-8FDC-42A3-9474-1A3956D46DE8}") = "Estudos-Arquitetura-Projeto", "Estudos-Arquitetura-Projeto", "{D71CC8C6-32EE-4C22-9212-F230D85AE796}"
EndProject
Project("{9A19103F-16F7-4668-BE54-9A1E7A4F7556}") = "WhereDynamic", "..\WhereDynamic\WhereDynamic\WhereDynamic.csproj", "{CB2277B2-D209-4390-BF37-358244DA472C}"
EndProject
Global
	GlobalSection(SolutionConfigurationPlatforms) = preSolution
		Debug|Any CPU = Debug|Any CPU
		Release|Any CPU = Release|Any CPU
	EndGlobalSection
	GlobalSection(ProjectConfigurationPlatforms) = postSolution
		{CAAF043E-43B3-4E85-A95D-1B5A1901C292}.Debug|Any CPU.ActiveCfg = Debug|Any CPU
		{CAAF043E-43B3-4E85-A95D-1B5A1901C292}.Debug|Any CPU.Build.0 = Debug|Any CPU
		{CAAF043E-43B3-4E85-A95D-1B5A1901C292}.Release|Any CPU.ActiveCfg = Release|Any CPU
		{CAAF043E-43B3-4E85-A95D-1B5A1901C292}.Release|Any CPU.Build.0 = Release|Any CPU
		{BC91DC2B-62C0-4262-950F-476216CC7750}.Debug|Any CPU.ActiveCfg = Debug|Any CPU
		{BC91DC2B-62C0-4262-950F-476216CC7750}.Debug|Any CPU.Build.0 = Debug|Any CPU
		{BC91DC2B-62C0-4262-950F-476216CC7750}.Release|Any CPU.ActiveCfg = Release|Any CPU
		{BC91DC2B-62C0-4262-950F-476216CC7750}.Release|Any CPU.Build.0 = Release|Any CPU
		{D2D275AE-F1A8-40BA-807B-64C763898E50}.Debug|Any CPU.ActiveCfg = Debug|Any CPU
		{D2D275AE-F1A8-40BA-807B-64C763898E50}.Debug|Any CPU.Build.0 = Debug|Any CPU
		{D2D275AE-F1A8-40BA-807B-64C763898E50}.Release|Any CPU.ActiveCfg = Release|Any CPU
		{D2D275AE-F1A8-40BA-807B-64C763898E50}.Release|Any CPU.Build.0 = Release|Any CPU
		{C6CBDE2E-812A-4041-8EB8-E9C3DC023A6C}.Debug|Any CPU.ActiveCfg = Debug|Any CPU
		{C6CBDE2E-812A-4041-8EB8-E9C3DC023A6C}.Debug|Any CPU.Build.0 = Debug|Any CPU
		{C6CBDE2E-812A-4041-8EB8-E9C3DC023A6C}.Release|Any CPU.ActiveCfg = Release|Any CPU
		{C6CBDE2E-812A-4041-8EB8-E9C3DC023A6C}.Release|Any CPU.Build.0 = Release|Any CPU
		{1D98CCD2-5FB3-48F4-97B8-DF56F2963839}.Debug|Any CPU.ActiveCfg = Debug|Any CPU
		{1D98CCD2-5FB3-48F4-97B8-DF56F2963839}.Debug|Any CPU.Build.0 = Debug|Any CPU
		{1D98CCD2-5FB3-48F4-97B8-DF56F2963839}.Release|Any CPU.ActiveCfg = Release|Any CPU
		{1D98CCD2-5FB3-48F4-97B8-DF56F2963839}.Release|Any CPU.Build.0 = Release|Any CPU
		{8A3AF135-B00F-420A-AA83-F3F318460F1E}.Debug|Any CPU.ActiveCfg = Debug|Any CPU
		{8A3AF135-B00F-420A-AA83-F3F318460F1E}.Debug|Any CPU.Build.0 = Debug|Any CPU
		{8A3AF135-B00F-420A-AA83-F3F318460F1E}.Release|Any CPU.ActiveCfg = Release|Any CPU
		{8A3AF135-B00F-420A-AA83-F3F318460F1E}.Release|Any CPU.Build.0 = Release|Any CPU
		{8E9C0C16-0355-4454-8FA6-E644DFAC4B42}.Debug|Any CPU.ActiveCfg = Debug|Any CPU
		{8E9C0C16-0355-4454-8FA6-E644DFAC4B42}.Debug|Any CPU.Build.0 = Debug|Any CPU
		{8E9C0C16-0355-4454-8FA6-E644DFAC4B42}.Release|Any CPU.ActiveCfg = Release|Any CPU
		{8E9C0C16-0355-4454-8FA6-E644DFAC4B42}.Release|Any CPU.Build.0 = Release|Any CPU
		{84B387C6-D904-452C-9EC8-BCF1445A0437}.Debug|Any CPU.ActiveCfg = Debug|Any CPU
		{84B387C6-D904-452C-9EC8-BCF1445A0437}.Debug|Any CPU.Build.0 = Debug|Any CPU
		{84B387C6-D904-452C-9EC8-BCF1445A0437}.Release|Any CPU.ActiveCfg = Release|Any CPU
		{84B387C6-D904-452C-9EC8-BCF1445A0437}.Release|Any CPU.Build.0 = Release|Any CPU
		{8162ED8D-0AD7-4006-9391-9159448C4B5E}.Debug|Any CPU.ActiveCfg = Debug|Any CPU
		{8162ED8D-0AD7-4006-9391-9159448C4B5E}.Debug|Any CPU.Build.0 = Debug|Any CPU
		{8162ED8D-0AD7-4006-9391-9159448C4B5E}.Release|Any CPU.ActiveCfg = Release|Any CPU
		{8162ED8D-0AD7-4006-9391-9159448C4B5E}.Release|Any CPU.Build.0 = Release|Any CPU
		{B3F90C9E-5FC1-43F4-8DEE-DAFA16887675}.Debug|Any CPU.ActiveCfg = Debug|Any CPU
		{B3F90C9E-5FC1-43F4-8DEE-DAFA16887675}.Debug|Any CPU.Build.0 = Debug|Any CPU
		{B3F90C9E-5FC1-43F4-8DEE-DAFA16887675}.Release|Any CPU.ActiveCfg = Release|Any CPU
		{B3F90C9E-5FC1-43F4-8DEE-DAFA16887675}.Release|Any CPU.Build.0 = Release|Any CPU
		{964A3946-A48E-43E3-BE57-F5C29020B233}.Debug|Any CPU.ActiveCfg = Debug|Any CPU
		{964A3946-A48E-43E3-BE57-F5C29020B233}.Debug|Any CPU.Build.0 = Debug|Any CPU
		{964A3946-A48E-43E3-BE57-F5C29020B233}.Release|Any CPU.ActiveCfg = Release|Any CPU
		{964A3946-A48E-43E3-BE57-F5C29020B233}.Release|Any CPU.Build.0 = Release|Any CPU
		{6B281E62-94AD-4755-AB26-A77453FD2D0C}.Debug|Any CPU.ActiveCfg = Debug|Any CPU
		{6B281E62-94AD-4755-AB26-A77453FD2D0C}.Debug|Any CPU.Build.0 = Debug|Any CPU
		{6B281E62-94AD-4755-AB26-A77453FD2D0C}.Release|Any CPU.ActiveCfg = Release|Any CPU
		{6B281E62-94AD-4755-AB26-A77453FD2D0C}.Release|Any CPU.Build.0 = Release|Any CPU
		{CB2277B2-D209-4390-BF37-358244DA472C}.Debug|Any CPU.ActiveCfg = Debug|Any CPU
		{CB2277B2-D209-4390-BF37-358244DA472C}.Debug|Any CPU.Build.0 = Debug|Any CPU
		{CB2277B2-D209-4390-BF37-358244DA472C}.Release|Any CPU.ActiveCfg = Release|Any CPU
		{CB2277B2-D209-4390-BF37-358244DA472C}.Release|Any CPU.Build.0 = Release|Any CPU
	EndGlobalSection
	GlobalSection(SolutionProperties) = preSolution
		HideSolutionNode = FALSE
	EndGlobalSection
	GlobalSection(NestedProjects) = preSolution
		{CAAF043E-43B3-4E85-A95D-1B5A1901C292} = {4ACF3C6F-BF8A-436D-AA23-328314476F87}
		{BC91DC2B-62C0-4262-950F-476216CC7750} = {1C343BDE-70D5-4DB7-9CB4-57024771E1B0}
		{D2D275AE-F1A8-40BA-807B-64C763898E50} = {CB9756C4-79F4-41DB-ADE8-52280CD1837F}
		{C6CBDE2E-812A-4041-8EB8-E9C3DC023A6C} = {2E9350D7-8523-4FA8-A036-36D4E51A95D1}
		{2E9350D7-8523-4FA8-A036-36D4E51A95D1} = {D71CC8C6-32EE-4C22-9212-F230D85AE796}
		{4ACF3C6F-BF8A-436D-AA23-328314476F87} = {D71CC8C6-32EE-4C22-9212-F230D85AE796}
		{1C343BDE-70D5-4DB7-9CB4-57024771E1B0} = {D71CC8C6-32EE-4C22-9212-F230D85AE796}
		{72B1D6F9-96D4-4604-8A16-9C7ABDD8A0C7} = {D71CC8C6-32EE-4C22-9212-F230D85AE796}
		{CB9756C4-79F4-41DB-ADE8-52280CD1837F} = {D71CC8C6-32EE-4C22-9212-F230D85AE796}
		{8D102670-175A-4946-AA89-B59EACFF95A8} = {D71CC8C6-32EE-4C22-9212-F230D85AE796}
		{1D98CCD2-5FB3-48F4-97B8-DF56F2963839} = {8D102670-175A-4946-AA89-B59EACFF95A8}
		{8A3AF135-B00F-420A-AA83-F3F318460F1E} = {8D102670-175A-4946-AA89-B59EACFF95A8}
		{8E9C0C16-0355-4454-8FA6-E644DFAC4B42} = {8D102670-175A-4946-AA89-B59EACFF95A8}
		{09C23E9E-5817-4798-AF81-327683C2350B} = {D71CC8C6-32EE-4C22-9212-F230D85AE796}
		{84B387C6-D904-452C-9EC8-BCF1445A0437} = {09C23E9E-5817-4798-AF81-327683C2350B}
		{8162ED8D-0AD7-4006-9391-9159448C4B5E} = {09C23E9E-5817-4798-AF81-327683C2350B}
		{B3F90C9E-5FC1-43F4-8DEE-DAFA16887675} = {72B1D6F9-96D4-4604-8A16-9C7ABDD8A0C7}
		{964A3946-A48E-43E3-BE57-F5C29020B233} = {72B1D6F9-96D4-4604-8A16-9C7ABDD8A0C7}
		{FD1F824E-D310-4FC9-B275-FC7B22D3C29B} = {D71CC8C6-32EE-4C22-9212-F230D85AE796}
		{6B281E62-94AD-4755-AB26-A77453FD2D0C} = {FD1F824E-D310-4FC9-B275-FC7B22D3C29B}
		{CB2277B2-D209-4390-BF37-358244DA472C} = {C43BAE7C-E4B5-4597-B0D3-71B991C52331}
	EndGlobalSection
	GlobalSection(ExtensibilityGlobals) = postSolution
		SolutionGuid = {C17E424A-53EB-4327-89AB-D8A758AE8E67}
	EndGlobalSection
EndGlobal
