
Microsoft Visual Studio Solution File, Format Version 12.00
# Visual Studio Version 16
VisualStudioVersion = 16.0.28917.181
MinimumVisualStudioVersion = 10.0.40219.1
Project("{2150E333-8FDC-42A3-9474-1A3956D46DE8}") = "01 - Global", "01 - Global", "{2E9350D7-8523-4FA8-A036-36D4E51A95D1}"
EndProject
Project("{2150E333-8FDC-42A3-9474-1A3956D46DE8}") = "04 - Dominio", "04 - Dominio", "{4ACF3C6F-BF8A-436D-AA23-328314476F87}"
EndProject
Project("{2150E333-8FDC-42A3-9474-1A3956D46DE8}") = "03 - IoC", "03 - IoC", "{1C343BDE-70D5-4DB7-9CB4-57024771E1B0}"
EndProject
Project("{2150E333-8FDC-42A3-9474-1A3956D46DE8}") = "07 - Api", "07 - Api", "{72B1D6F9-96D4-4604-8A16-9C7ABDD8A0C7}"
EndProject
Project("{2150E333-8FDC-42A3-9474-1A3956D46DE8}") = "08 - View", "08 - View", "{CB9756C4-79F4-41DB-ADE8-52280CD1837F}"
EndProject
Project("{2150E333-8FDC-42A3-9474-1A3956D46DE8}") = "05 - Repositorio", "05 - Repositorio", "{8D102670-175A-4946-AA89-B59EACFF95A8}"
EndProject
Project("{2150E333-8FDC-42A3-9474-1A3956D46DE8}") = "06 - Servico", "06 - Servico", "{09C23E9E-5817-4798-AF81-327683C2350B}"
EndProject
Project("{2150E333-8FDC-42A3-9474-1A3956D46DE8}") = "02 - Mapper", "02 - Mapper", "{FD1F824E-D310-4FC9-B275-FC7B22D3C29B}"
EndProject
Project("{2150E333-8FDC-42A3-9474-1A3956D46DE8}") = "WhereDynamic", "WhereDynamic", "{C43BAE7C-E4B5-4597-B0D3-71B991C52331}"
EndProject
Project("{2150E333-8FDC-42A3-9474-1A3956D46DE8}") = "Estudos-Arquitetura-Projeto", "Estudos-Arquitetura-Projeto", "{D71CC8C6-32EE-4C22-9212-F230D85AE796}"
EndProject
Project("{2150E333-8FDC-42A3-9474-1A3956D46DE8}") = "Testes-FluenteValidation-FluentAssetion", "Testes-FluenteValidation-FluentAssetion", "{4C209965-3E6E-4DEE-BC32-36E791579FDB}"
EndProject
Project("{9A19103F-16F7-4668-BE54-9A1E7A4F7556}") = "WhereDynamic", "WhereDynamic\WhereDynamic\WhereDynamic.csproj", "{73515112-AA22-45E5-A664-C688A9FF7E66}"
EndProject
Project("{9A19103F-16F7-4668-BE54-9A1E7A4F7556}") = "WhereDynamic.Test", "WhereDynamic\WhereDynamic.Test\WhereDynamic.Test.csproj", "{B60C4D03-1597-4ED5-B02B-7CF9DA593E94}"
EndProject
Project("{9A19103F-16F7-4668-BE54-9A1E7A4F7556}") = "Estudos.VConsole", "Estudos-Arquitetura-Projeto\Estudos.VConsole\Estudos.VConsole.csproj", "{A21FC1ED-9E29-44D9-BA80-8423C4E877FF}"
EndProject
Project("{9A19103F-16F7-4668-BE54-9A1E7A4F7556}") = "Estudos.Api.GraphQL", "Estudos-Arquitetura-Projeto\Estudos.Api.GraphQL\Estudos.Api.GraphQL.csproj", "{B8EDE180-591B-4C66-A5CA-64070A38CA89}"
EndProject
Project("{9A19103F-16F7-4668-BE54-9A1E7A4F7556}") = "Estudos.Api", "Estudos-Arquitetura-Projeto\Estudos.Api\Estudos.Api.csproj", "{71B233CA-B019-4429-841A-87D9A84E71CC}"
EndProject
Project("{9A19103F-16F7-4668-BE54-9A1E7A4F7556}") = "Estudos.Servico", "Estudos-Arquitetura-Projeto\Estudos.Servico\Estudos.Servico.csproj", "{E0F13ED0-8D5D-4F1B-B3AA-67AD6B7DFA97}"
EndProject
Project("{9A19103F-16F7-4668-BE54-9A1E7A4F7556}") = "Estudos.Repositorio.Dapper", "Estudos-Arquitetura-Projeto\Estudos.Repositorio.Dapper\Estudos.Repositorio.Dapper.csproj", "{FA6980C7-2FD1-4A30-AC95-31F1BD9BFF77}"
EndProject
Project("{9A19103F-16F7-4668-BE54-9A1E7A4F7556}") = "Estudos.Repositorio.EntityFrameworkCore", "Estudos-Arquitetura-Projeto\Estudos.Repositorio.EntityFramework\Estudos.Repositorio.EntityFrameworkCore.csproj", "{6B172CDF-C3E0-4F45-903C-BA92F8FC5474}"
EndProject
Project("{9A19103F-16F7-4668-BE54-9A1E7A4F7556}") = "Estudos.Abstract.Repositorio", "Estudos-Arquitetura-Projeto\Estudos.Abstract.Repositorio\Estudos.Abstract.Repositorio.csproj", "{DA0DE611-0177-4B63-938C-8523B521331A}"
EndProject
Project("{9A19103F-16F7-4668-BE54-9A1E7A4F7556}") = "Estudos.Abstract.Servico", "Estudos-Arquitetura-Projeto\Estudos.Abstract.Servico\Estudos.Abstract.Servico.csproj", "{4A236BC0-7D1B-401A-BFAA-EE84F70285C1}"
EndProject
Project("{9A19103F-16F7-4668-BE54-9A1E7A4F7556}") = "Estudos.Abstract.Dominio", "Estudos-Arquitetura-Projeto\Estudos.Abstract.Dominio\Estudos.Abstract.Dominio.csproj", "{0C8B29E0-DB70-4B48-87CF-5295FF450327}"
EndProject
Project("{9A19103F-16F7-4668-BE54-9A1E7A4F7556}") = "Estudos.Dominio", "Estudos-Arquitetura-Projeto\Estudos.Dominio\Estudos.Dominio.csproj", "{16C97AA0-B750-4F67-B52A-91AADC1390E5}"
EndProject
Project("{9A19103F-16F7-4668-BE54-9A1E7A4F7556}") = "Estudos.IoC", "Estudos-Arquitetura-Projeto\Estudos.IoC\Estudos.IoC.csproj", "{91CE5D6A-BB4B-4307-A0B6-FE6A21F97787}"
EndProject
Project("{9A19103F-16F7-4668-BE54-9A1E7A4F7556}") = "Estudos.AutoMapper", "Estudos-Arquitetura-Projeto\Estudos.AutoMapper\Estudos.AutoMapper.csproj", "{1C7D31DF-A565-46DA-9EF5-56B9274DB0EB}"
EndProject
Project("{9A19103F-16F7-4668-BE54-9A1E7A4F7556}") = "Estudos.Global", "Estudos-Arquitetura-Projeto\Estudos.Global\Estudos.Global.csproj", "{E2648F25-488D-41DB-A0E3-9B105703800F}"
EndProject
Project("{9A19103F-16F7-4668-BE54-9A1E7A4F7556}") = "Validation", "Validation\Validation.csproj", "{E42CB00F-8B66-4BB2-9C27-9A565C55E373}"
EndProject
Project("{2150E333-8FDC-42A3-9474-1A3956D46DE8}") = "Estudos-Descontructor", "Estudos-Descontructor", "{9EEBC835-C653-4924-9AA6-A42FC3CB65C6}"
EndProject
Project("{9A19103F-16F7-4668-BE54-9A1E7A4F7556}") = "Descontructor", "Estudos-Descontructor\Descontructor.csproj", "{93FDFBB1-5592-4A9E-9A5C-CB620AD512EF}"
EndProject
Project("{2150E333-8FDC-42A3-9474-1A3956D46DE8}") = "Estudos-XML", "Estudos-XML", "{491E6086-6D23-4791-9165-9E1FD2E91B38}"
EndProject
Project("{9A19103F-16F7-4668-BE54-9A1E7A4F7556}") = "Estudos.XML", "Estudos-XML\Estudos.XML.csproj", "{9DC3B900-8434-4DD1-8C1B-8822CFCA212D}"
EndProject
Project("{2150E333-8FDC-42A3-9474-1A3956D46DE8}") = "Estudos-Selenium", "Estudos-Selenium", "{8B2066BC-102E-4013-871A-0A6E8DC192BA}"
EndProject
Project("{9A19103F-16F7-4668-BE54-9A1E7A4F7556}") = "Estudos.Selenium", "Estudos.Selenium\Estudos.Selenium.csproj", "{BBA20FA6-AC91-44D1-B799-8A0DE768EAD8}"
EndProject
Project("{2150E333-8FDC-42A3-9474-1A3956D46DE8}") = "Estudos-Ioc", "Estudos-Ioc", "{C4410E3F-ABDF-4204-9CE5-2E6B30E64642}"
EndProject
Project("{FAE04EC0-301F-11D3-BF4B-00C04F79EFBC}") = "Estudos.Ioc.Console", "Estudos-Ioc\Estudos.Ioc.Console\Estudos.Ioc.Console.csproj", "{4A70A024-D608-4BE1-8FC5-C970E252101E}"
EndProject
Project("{FAE04EC0-301F-11D3-BF4B-00C04F79EFBC}") = "Estudos.Ioc.Ioc", "Estudos-Ioc\Estudos.Ioc.Ioc\Estudos.Ioc.Ioc.csproj", "{939D90A9-CB22-4DB9-8CC7-1FB4D73F554F}"
EndProject
Project("{FAE04EC0-301F-11D3-BF4B-00C04F79EFBC}") = "Estudos.Ioc.Ioc.Abstractions", "Estudos-Ioc\Estudos.Ioc.Ioc.Abstractions\Estudos.Ioc.Ioc.Abstractions.csproj", "{61185DF5-C42B-45DB-8464-658076819F0D}"
EndProject
Project("{FAE04EC0-301F-11D3-BF4B-00C04F79EFBC}") = "Estudos.Ioc.Services.Abstractions", "Estudos-Ioc\Estudos.Ioc.Services.Abstractions\Estudos.Ioc.Services.Abstractions.csproj", "{3B161029-E0CA-47BB-9F66-91E266CD8D13}"
EndProject
Project("{FAE04EC0-301F-11D3-BF4B-00C04F79EFBC}") = "Estudos.Ioc.Services", "Estudos-Ioc\Estudos.Ioc.Services\Estudos.Ioc.Services.csproj", "{4A363DCE-CFCE-4611-8FF8-5A19CA2597DE}"
EndProject
Project("{2150E333-8FDC-42A3-9474-1A3956D46DE8}") = "Estudos-Wrapper", "Estudos-Wrapper", "{C59AE7D9-D563-44DF-9031-EBD607CA4384}"
EndProject
Project("{FAE04EC0-301F-11D3-BF4B-00C04F79EFBC}") = "Wrapper", "Estudos-Wrapper\Wrapper\Wrapper.csproj", "{F04A00EB-C9AE-4BA1-B553-1F4E6541D3EC}"
EndProject
Project("{2150E333-8FDC-42A3-9474-1A3956D46DE8}") = "Estudos-AsyncAwait", "Estudos-AsyncAwait", "{0D6FC970-02F3-48B9-A2FA-0F61B004C1C9}"
EndProject
Project("{FAE04EC0-301F-11D3-BF4B-00C04F79EFBC}") = "AsyncAwait", "AsyncAwait\AsyncAwait.csproj", "{95D898FD-54A6-416B-8C82-ABB98B684D51}"
EndProject
Project("{2150E333-8FDC-42A3-9474-1A3956D46DE8}") = "Estudos-Thread", "Estudos-Thread", "{936B8451-CFA9-45B3-959F-D8A8915AACE8}"
EndProject
Project("{FAE04EC0-301F-11D3-BF4B-00C04F79EFBC}") = "AsyncAwait", "Estudos-Thread\AsyncAwait\AsyncAwait.csproj", "{9CB7DB87-27A1-4A8B-BE3A-540E52DED0A7}"
EndProject
Global
	GlobalSection(SolutionConfigurationPlatforms) = preSolution
		Debug|Any CPU = Debug|Any CPU
		Release|Any CPU = Release|Any CPU
	EndGlobalSection
	GlobalSection(ProjectConfigurationPlatforms) = postSolution
		{73515112-AA22-45E5-A664-C688A9FF7E66}.Debug|Any CPU.ActiveCfg = Debug|Any CPU
		{73515112-AA22-45E5-A664-C688A9FF7E66}.Debug|Any CPU.Build.0 = Debug|Any CPU
		{73515112-AA22-45E5-A664-C688A9FF7E66}.Release|Any CPU.ActiveCfg = Release|Any CPU
		{73515112-AA22-45E5-A664-C688A9FF7E66}.Release|Any CPU.Build.0 = Release|Any CPU
		{B60C4D03-1597-4ED5-B02B-7CF9DA593E94}.Debug|Any CPU.ActiveCfg = Debug|Any CPU
		{B60C4D03-1597-4ED5-B02B-7CF9DA593E94}.Debug|Any CPU.Build.0 = Debug|Any CPU
		{B60C4D03-1597-4ED5-B02B-7CF9DA593E94}.Release|Any CPU.ActiveCfg = Release|Any CPU
		{B60C4D03-1597-4ED5-B02B-7CF9DA593E94}.Release|Any CPU.Build.0 = Release|Any CPU
		{A21FC1ED-9E29-44D9-BA80-8423C4E877FF}.Debug|Any CPU.ActiveCfg = Debug|Any CPU
		{A21FC1ED-9E29-44D9-BA80-8423C4E877FF}.Debug|Any CPU.Build.0 = Debug|Any CPU
		{A21FC1ED-9E29-44D9-BA80-8423C4E877FF}.Release|Any CPU.ActiveCfg = Release|Any CPU
		{A21FC1ED-9E29-44D9-BA80-8423C4E877FF}.Release|Any CPU.Build.0 = Release|Any CPU
		{B8EDE180-591B-4C66-A5CA-64070A38CA89}.Debug|Any CPU.ActiveCfg = Debug|Any CPU
		{B8EDE180-591B-4C66-A5CA-64070A38CA89}.Debug|Any CPU.Build.0 = Debug|Any CPU
		{B8EDE180-591B-4C66-A5CA-64070A38CA89}.Release|Any CPU.ActiveCfg = Release|Any CPU
		{B8EDE180-591B-4C66-A5CA-64070A38CA89}.Release|Any CPU.Build.0 = Release|Any CPU
		{71B233CA-B019-4429-841A-87D9A84E71CC}.Debug|Any CPU.ActiveCfg = Debug|Any CPU
		{71B233CA-B019-4429-841A-87D9A84E71CC}.Debug|Any CPU.Build.0 = Debug|Any CPU
		{71B233CA-B019-4429-841A-87D9A84E71CC}.Release|Any CPU.ActiveCfg = Release|Any CPU
		{71B233CA-B019-4429-841A-87D9A84E71CC}.Release|Any CPU.Build.0 = Release|Any CPU
		{E0F13ED0-8D5D-4F1B-B3AA-67AD6B7DFA97}.Debug|Any CPU.ActiveCfg = Debug|Any CPU
		{E0F13ED0-8D5D-4F1B-B3AA-67AD6B7DFA97}.Debug|Any CPU.Build.0 = Debug|Any CPU
		{E0F13ED0-8D5D-4F1B-B3AA-67AD6B7DFA97}.Release|Any CPU.ActiveCfg = Release|Any CPU
		{E0F13ED0-8D5D-4F1B-B3AA-67AD6B7DFA97}.Release|Any CPU.Build.0 = Release|Any CPU
		{FA6980C7-2FD1-4A30-AC95-31F1BD9BFF77}.Debug|Any CPU.ActiveCfg = Debug|Any CPU
		{FA6980C7-2FD1-4A30-AC95-31F1BD9BFF77}.Debug|Any CPU.Build.0 = Debug|Any CPU
		{FA6980C7-2FD1-4A30-AC95-31F1BD9BFF77}.Release|Any CPU.ActiveCfg = Release|Any CPU
		{FA6980C7-2FD1-4A30-AC95-31F1BD9BFF77}.Release|Any CPU.Build.0 = Release|Any CPU
		{6B172CDF-C3E0-4F45-903C-BA92F8FC5474}.Debug|Any CPU.ActiveCfg = Debug|Any CPU
		{6B172CDF-C3E0-4F45-903C-BA92F8FC5474}.Debug|Any CPU.Build.0 = Debug|Any CPU
		{6B172CDF-C3E0-4F45-903C-BA92F8FC5474}.Release|Any CPU.ActiveCfg = Release|Any CPU
		{6B172CDF-C3E0-4F45-903C-BA92F8FC5474}.Release|Any CPU.Build.0 = Release|Any CPU
		{DA0DE611-0177-4B63-938C-8523B521331A}.Debug|Any CPU.ActiveCfg = Debug|Any CPU
		{DA0DE611-0177-4B63-938C-8523B521331A}.Debug|Any CPU.Build.0 = Debug|Any CPU
		{DA0DE611-0177-4B63-938C-8523B521331A}.Release|Any CPU.ActiveCfg = Release|Any CPU
		{DA0DE611-0177-4B63-938C-8523B521331A}.Release|Any CPU.Build.0 = Release|Any CPU
		{4A236BC0-7D1B-401A-BFAA-EE84F70285C1}.Debug|Any CPU.ActiveCfg = Debug|Any CPU
		{4A236BC0-7D1B-401A-BFAA-EE84F70285C1}.Debug|Any CPU.Build.0 = Debug|Any CPU
		{4A236BC0-7D1B-401A-BFAA-EE84F70285C1}.Release|Any CPU.ActiveCfg = Release|Any CPU
		{4A236BC0-7D1B-401A-BFAA-EE84F70285C1}.Release|Any CPU.Build.0 = Release|Any CPU
		{0C8B29E0-DB70-4B48-87CF-5295FF450327}.Debug|Any CPU.ActiveCfg = Debug|Any CPU
		{0C8B29E0-DB70-4B48-87CF-5295FF450327}.Debug|Any CPU.Build.0 = Debug|Any CPU
		{0C8B29E0-DB70-4B48-87CF-5295FF450327}.Release|Any CPU.ActiveCfg = Release|Any CPU
		{0C8B29E0-DB70-4B48-87CF-5295FF450327}.Release|Any CPU.Build.0 = Release|Any CPU
		{16C97AA0-B750-4F67-B52A-91AADC1390E5}.Debug|Any CPU.ActiveCfg = Debug|Any CPU
		{16C97AA0-B750-4F67-B52A-91AADC1390E5}.Debug|Any CPU.Build.0 = Debug|Any CPU
		{16C97AA0-B750-4F67-B52A-91AADC1390E5}.Release|Any CPU.ActiveCfg = Release|Any CPU
		{16C97AA0-B750-4F67-B52A-91AADC1390E5}.Release|Any CPU.Build.0 = Release|Any CPU
		{91CE5D6A-BB4B-4307-A0B6-FE6A21F97787}.Debug|Any CPU.ActiveCfg = Debug|Any CPU
		{91CE5D6A-BB4B-4307-A0B6-FE6A21F97787}.Debug|Any CPU.Build.0 = Debug|Any CPU
		{91CE5D6A-BB4B-4307-A0B6-FE6A21F97787}.Release|Any CPU.ActiveCfg = Release|Any CPU
		{91CE5D6A-BB4B-4307-A0B6-FE6A21F97787}.Release|Any CPU.Build.0 = Release|Any CPU
		{1C7D31DF-A565-46DA-9EF5-56B9274DB0EB}.Debug|Any CPU.ActiveCfg = Debug|Any CPU
		{1C7D31DF-A565-46DA-9EF5-56B9274DB0EB}.Debug|Any CPU.Build.0 = Debug|Any CPU
		{1C7D31DF-A565-46DA-9EF5-56B9274DB0EB}.Release|Any CPU.ActiveCfg = Release|Any CPU
		{1C7D31DF-A565-46DA-9EF5-56B9274DB0EB}.Release|Any CPU.Build.0 = Release|Any CPU
		{E2648F25-488D-41DB-A0E3-9B105703800F}.Debug|Any CPU.ActiveCfg = Debug|Any CPU
		{E2648F25-488D-41DB-A0E3-9B105703800F}.Debug|Any CPU.Build.0 = Debug|Any CPU
		{E2648F25-488D-41DB-A0E3-9B105703800F}.Release|Any CPU.ActiveCfg = Release|Any CPU
		{E2648F25-488D-41DB-A0E3-9B105703800F}.Release|Any CPU.Build.0 = Release|Any CPU
		{E42CB00F-8B66-4BB2-9C27-9A565C55E373}.Debug|Any CPU.ActiveCfg = Debug|Any CPU
		{E42CB00F-8B66-4BB2-9C27-9A565C55E373}.Debug|Any CPU.Build.0 = Debug|Any CPU
		{E42CB00F-8B66-4BB2-9C27-9A565C55E373}.Release|Any CPU.ActiveCfg = Release|Any CPU
		{E42CB00F-8B66-4BB2-9C27-9A565C55E373}.Release|Any CPU.Build.0 = Release|Any CPU
		{93FDFBB1-5592-4A9E-9A5C-CB620AD512EF}.Debug|Any CPU.ActiveCfg = Debug|Any CPU
		{93FDFBB1-5592-4A9E-9A5C-CB620AD512EF}.Debug|Any CPU.Build.0 = Debug|Any CPU
		{93FDFBB1-5592-4A9E-9A5C-CB620AD512EF}.Release|Any CPU.ActiveCfg = Release|Any CPU
		{93FDFBB1-5592-4A9E-9A5C-CB620AD512EF}.Release|Any CPU.Build.0 = Release|Any CPU
		{9DC3B900-8434-4DD1-8C1B-8822CFCA212D}.Debug|Any CPU.ActiveCfg = Debug|Any CPU
		{9DC3B900-8434-4DD1-8C1B-8822CFCA212D}.Debug|Any CPU.Build.0 = Debug|Any CPU
		{9DC3B900-8434-4DD1-8C1B-8822CFCA212D}.Release|Any CPU.ActiveCfg = Release|Any CPU
		{9DC3B900-8434-4DD1-8C1B-8822CFCA212D}.Release|Any CPU.Build.0 = Release|Any CPU
		{BBA20FA6-AC91-44D1-B799-8A0DE768EAD8}.Debug|Any CPU.ActiveCfg = Debug|Any CPU
		{BBA20FA6-AC91-44D1-B799-8A0DE768EAD8}.Debug|Any CPU.Build.0 = Debug|Any CPU
		{BBA20FA6-AC91-44D1-B799-8A0DE768EAD8}.Release|Any CPU.ActiveCfg = Release|Any CPU
		{BBA20FA6-AC91-44D1-B799-8A0DE768EAD8}.Release|Any CPU.Build.0 = Release|Any CPU
		{4A70A024-D608-4BE1-8FC5-C970E252101E}.Debug|Any CPU.ActiveCfg = Debug|Any CPU
		{4A70A024-D608-4BE1-8FC5-C970E252101E}.Debug|Any CPU.Build.0 = Debug|Any CPU
		{4A70A024-D608-4BE1-8FC5-C970E252101E}.Release|Any CPU.ActiveCfg = Release|Any CPU
		{4A70A024-D608-4BE1-8FC5-C970E252101E}.Release|Any CPU.Build.0 = Release|Any CPU
		{939D90A9-CB22-4DB9-8CC7-1FB4D73F554F}.Debug|Any CPU.ActiveCfg = Debug|Any CPU
		{939D90A9-CB22-4DB9-8CC7-1FB4D73F554F}.Debug|Any CPU.Build.0 = Debug|Any CPU
		{939D90A9-CB22-4DB9-8CC7-1FB4D73F554F}.Release|Any CPU.ActiveCfg = Release|Any CPU
		{939D90A9-CB22-4DB9-8CC7-1FB4D73F554F}.Release|Any CPU.Build.0 = Release|Any CPU
		{61185DF5-C42B-45DB-8464-658076819F0D}.Debug|Any CPU.ActiveCfg = Debug|Any CPU
		{61185DF5-C42B-45DB-8464-658076819F0D}.Debug|Any CPU.Build.0 = Debug|Any CPU
		{61185DF5-C42B-45DB-8464-658076819F0D}.Release|Any CPU.ActiveCfg = Release|Any CPU
		{61185DF5-C42B-45DB-8464-658076819F0D}.Release|Any CPU.Build.0 = Release|Any CPU
		{3B161029-E0CA-47BB-9F66-91E266CD8D13}.Debug|Any CPU.ActiveCfg = Debug|Any CPU
		{3B161029-E0CA-47BB-9F66-91E266CD8D13}.Debug|Any CPU.Build.0 = Debug|Any CPU
		{3B161029-E0CA-47BB-9F66-91E266CD8D13}.Release|Any CPU.ActiveCfg = Release|Any CPU
		{3B161029-E0CA-47BB-9F66-91E266CD8D13}.Release|Any CPU.Build.0 = Release|Any CPU
		{4A363DCE-CFCE-4611-8FF8-5A19CA2597DE}.Debug|Any CPU.ActiveCfg = Debug|Any CPU
		{4A363DCE-CFCE-4611-8FF8-5A19CA2597DE}.Debug|Any CPU.Build.0 = Debug|Any CPU
		{4A363DCE-CFCE-4611-8FF8-5A19CA2597DE}.Release|Any CPU.ActiveCfg = Release|Any CPU
		{4A363DCE-CFCE-4611-8FF8-5A19CA2597DE}.Release|Any CPU.Build.0 = Release|Any CPU
		{F04A00EB-C9AE-4BA1-B553-1F4E6541D3EC}.Debug|Any CPU.ActiveCfg = Debug|Any CPU
		{F04A00EB-C9AE-4BA1-B553-1F4E6541D3EC}.Debug|Any CPU.Build.0 = Debug|Any CPU
		{F04A00EB-C9AE-4BA1-B553-1F4E6541D3EC}.Release|Any CPU.ActiveCfg = Release|Any CPU
		{F04A00EB-C9AE-4BA1-B553-1F4E6541D3EC}.Release|Any CPU.Build.0 = Release|Any CPU
		{95D898FD-54A6-416B-8C82-ABB98B684D51}.Debug|Any CPU.ActiveCfg = Debug|Any CPU
		{95D898FD-54A6-416B-8C82-ABB98B684D51}.Debug|Any CPU.Build.0 = Debug|Any CPU
		{95D898FD-54A6-416B-8C82-ABB98B684D51}.Release|Any CPU.ActiveCfg = Release|Any CPU
		{95D898FD-54A6-416B-8C82-ABB98B684D51}.Release|Any CPU.Build.0 = Release|Any CPU
		{9CB7DB87-27A1-4A8B-BE3A-540E52DED0A7}.Debug|Any CPU.ActiveCfg = Debug|Any CPU
		{9CB7DB87-27A1-4A8B-BE3A-540E52DED0A7}.Debug|Any CPU.Build.0 = Debug|Any CPU
		{9CB7DB87-27A1-4A8B-BE3A-540E52DED0A7}.Release|Any CPU.ActiveCfg = Release|Any CPU
		{9CB7DB87-27A1-4A8B-BE3A-540E52DED0A7}.Release|Any CPU.Build.0 = Release|Any CPU
	EndGlobalSection
	GlobalSection(SolutionProperties) = preSolution
		HideSolutionNode = FALSE
	EndGlobalSection
	GlobalSection(NestedProjects) = preSolution
		{2E9350D7-8523-4FA8-A036-36D4E51A95D1} = {D71CC8C6-32EE-4C22-9212-F230D85AE796}
		{4ACF3C6F-BF8A-436D-AA23-328314476F87} = {D71CC8C6-32EE-4C22-9212-F230D85AE796}
		{1C343BDE-70D5-4DB7-9CB4-57024771E1B0} = {D71CC8C6-32EE-4C22-9212-F230D85AE796}
		{72B1D6F9-96D4-4604-8A16-9C7ABDD8A0C7} = {D71CC8C6-32EE-4C22-9212-F230D85AE796}
		{CB9756C4-79F4-41DB-ADE8-52280CD1837F} = {D71CC8C6-32EE-4C22-9212-F230D85AE796}
		{8D102670-175A-4946-AA89-B59EACFF95A8} = {D71CC8C6-32EE-4C22-9212-F230D85AE796}
		{09C23E9E-5817-4798-AF81-327683C2350B} = {D71CC8C6-32EE-4C22-9212-F230D85AE796}
		{FD1F824E-D310-4FC9-B275-FC7B22D3C29B} = {D71CC8C6-32EE-4C22-9212-F230D85AE796}
		{73515112-AA22-45E5-A664-C688A9FF7E66} = {C43BAE7C-E4B5-4597-B0D3-71B991C52331}
		{B60C4D03-1597-4ED5-B02B-7CF9DA593E94} = {C43BAE7C-E4B5-4597-B0D3-71B991C52331}
		{A21FC1ED-9E29-44D9-BA80-8423C4E877FF} = {CB9756C4-79F4-41DB-ADE8-52280CD1837F}
		{B8EDE180-591B-4C66-A5CA-64070A38CA89} = {72B1D6F9-96D4-4604-8A16-9C7ABDD8A0C7}
		{71B233CA-B019-4429-841A-87D9A84E71CC} = {72B1D6F9-96D4-4604-8A16-9C7ABDD8A0C7}
		{E0F13ED0-8D5D-4F1B-B3AA-67AD6B7DFA97} = {09C23E9E-5817-4798-AF81-327683C2350B}
		{FA6980C7-2FD1-4A30-AC95-31F1BD9BFF77} = {8D102670-175A-4946-AA89-B59EACFF95A8}
		{6B172CDF-C3E0-4F45-903C-BA92F8FC5474} = {8D102670-175A-4946-AA89-B59EACFF95A8}
		{DA0DE611-0177-4B63-938C-8523B521331A} = {8D102670-175A-4946-AA89-B59EACFF95A8}
		{4A236BC0-7D1B-401A-BFAA-EE84F70285C1} = {09C23E9E-5817-4798-AF81-327683C2350B}
		{0C8B29E0-DB70-4B48-87CF-5295FF450327} = {4ACF3C6F-BF8A-436D-AA23-328314476F87}
		{16C97AA0-B750-4F67-B52A-91AADC1390E5} = {4ACF3C6F-BF8A-436D-AA23-328314476F87}
		{91CE5D6A-BB4B-4307-A0B6-FE6A21F97787} = {1C343BDE-70D5-4DB7-9CB4-57024771E1B0}
		{1C7D31DF-A565-46DA-9EF5-56B9274DB0EB} = {FD1F824E-D310-4FC9-B275-FC7B22D3C29B}
		{E2648F25-488D-41DB-A0E3-9B105703800F} = {2E9350D7-8523-4FA8-A036-36D4E51A95D1}
		{E42CB00F-8B66-4BB2-9C27-9A565C55E373} = {4C209965-3E6E-4DEE-BC32-36E791579FDB}
		{93FDFBB1-5592-4A9E-9A5C-CB620AD512EF} = {9EEBC835-C653-4924-9AA6-A42FC3CB65C6}
		{9DC3B900-8434-4DD1-8C1B-8822CFCA212D} = {491E6086-6D23-4791-9165-9E1FD2E91B38}
		{BBA20FA6-AC91-44D1-B799-8A0DE768EAD8} = {8B2066BC-102E-4013-871A-0A6E8DC192BA}
		{4A70A024-D608-4BE1-8FC5-C970E252101E} = {C4410E3F-ABDF-4204-9CE5-2E6B30E64642}
		{939D90A9-CB22-4DB9-8CC7-1FB4D73F554F} = {C4410E3F-ABDF-4204-9CE5-2E6B30E64642}
		{61185DF5-C42B-45DB-8464-658076819F0D} = {C4410E3F-ABDF-4204-9CE5-2E6B30E64642}
		{3B161029-E0CA-47BB-9F66-91E266CD8D13} = {C4410E3F-ABDF-4204-9CE5-2E6B30E64642}
		{4A363DCE-CFCE-4611-8FF8-5A19CA2597DE} = {C4410E3F-ABDF-4204-9CE5-2E6B30E64642}
		{F04A00EB-C9AE-4BA1-B553-1F4E6541D3EC} = {C59AE7D9-D563-44DF-9031-EBD607CA4384}
		{95D898FD-54A6-416B-8C82-ABB98B684D51} = {0D6FC970-02F3-48B9-A2FA-0F61B004C1C9}
		{9CB7DB87-27A1-4A8B-BE3A-540E52DED0A7} = {936B8451-CFA9-45B3-959F-D8A8915AACE8}
	EndGlobalSection
	GlobalSection(ExtensibilityGlobals) = postSolution
		SolutionGuid = {C17E424A-53EB-4327-89AB-D8A758AE8E67}
	EndGlobalSection
EndGlobal
